
Microsoft Visual Studio Solution File, Format Version 12.00
# Visual Studio 15
VisualStudioVersion = 15.0.26124.0
MinimumVisualStudioVersion = 15.0.26124.0
Project("{2150E333-8FDC-42A3-9474-1A3956D46DE8}") = "Core", "Core", "{2B64C981-0259-4737-BBF9-6A5FFB3FBFAA}"
EndProject
Project("{FAE04EC0-301F-11D3-BF4B-00C04F79EFBC}") = "Livro.Domain", "Core\Livro.Domain\Livro.Domain.csproj", "{B4BA1E93-0CBD-4534-B537-0671FE371630}"
EndProject
Project("{2150E333-8FDC-42A3-9474-1A3956D46DE8}") = "Presentation", "Presentation", "{9B554007-0282-42DD-A611-06CA4D5F3CF9}"
EndProject
Project("{FAE04EC0-301F-11D3-BF4B-00C04F79EFBC}") = "Livro.WebApi", "Presentation\Livro.WebApi\Livro.WebApi.csproj", "{6EE8600C-1D9D-4677-9634-BBF3E4EE768A}"
EndProject
Project("{FAE04EC0-301F-11D3-BF4B-00C04F79EFBC}") = "Livro.Service", "Core\Livro.Application\Livro.Service.csproj", "{27A69AD8-D25A-457F-BF83-27CD188E8DED}"
EndProject
Project("{2150E333-8FDC-42A3-9474-1A3956D46DE8}") = "Infra", "Infra", "{E30343A8-9AB5-4EED-BD91-216E9708761D}"
EndProject
Project("{2150E333-8FDC-42A3-9474-1A3956D46DE8}") = "Livro.Repository", "Livro.Repository", "{7116003F-6246-4949-A0D0-24A05A435EA0}"
EndProject
Project("{FAE04EC0-301F-11D3-BF4B-00C04F79EFBC}") = "Livro.RepositoryGet", "Infra\Livro.Repository\Livro.RepositoryGet\Livro.RepositoryGet.csproj", "{70F914FB-F2CA-40FA-BCD3-9BDE0020B1A1}"
EndProject
Global
	GlobalSection(SolutionConfigurationPlatforms) = preSolution
		Debug|Any CPU = Debug|Any CPU
		Debug|x64 = Debug|x64
		Debug|x86 = Debug|x86
		Release|Any CPU = Release|Any CPU
		Release|x64 = Release|x64
		Release|x86 = Release|x86
	EndGlobalSection
	GlobalSection(SolutionProperties) = preSolution
		HideSolutionNode = FALSE
	EndGlobalSection
	GlobalSection(ProjectConfigurationPlatforms) = postSolution
		{B4BA1E93-0CBD-4534-B537-0671FE371630}.Debug|Any CPU.ActiveCfg = Debug|Any CPU
		{B4BA1E93-0CBD-4534-B537-0671FE371630}.Debug|Any CPU.Build.0 = Debug|Any CPU
		{B4BA1E93-0CBD-4534-B537-0671FE371630}.Debug|x64.ActiveCfg = Debug|x64
		{B4BA1E93-0CBD-4534-B537-0671FE371630}.Debug|x64.Build.0 = Debug|x64
		{B4BA1E93-0CBD-4534-B537-0671FE371630}.Debug|x86.ActiveCfg = Debug|x86
		{B4BA1E93-0CBD-4534-B537-0671FE371630}.Debug|x86.Build.0 = Debug|x86
		{B4BA1E93-0CBD-4534-B537-0671FE371630}.Release|Any CPU.ActiveCfg = Release|Any CPU
		{B4BA1E93-0CBD-4534-B537-0671FE371630}.Release|Any CPU.Build.0 = Release|Any CPU
		{B4BA1E93-0CBD-4534-B537-0671FE371630}.Release|x64.ActiveCfg = Release|x64
		{B4BA1E93-0CBD-4534-B537-0671FE371630}.Release|x64.Build.0 = Release|x64
		{B4BA1E93-0CBD-4534-B537-0671FE371630}.Release|x86.ActiveCfg = Release|x86
		{B4BA1E93-0CBD-4534-B537-0671FE371630}.Release|x86.Build.0 = Release|x86
		{6EE8600C-1D9D-4677-9634-BBF3E4EE768A}.Debug|Any CPU.ActiveCfg = Debug|Any CPU
		{6EE8600C-1D9D-4677-9634-BBF3E4EE768A}.Debug|Any CPU.Build.0 = Debug|Any CPU
		{6EE8600C-1D9D-4677-9634-BBF3E4EE768A}.Debug|x64.ActiveCfg = Debug|x64
		{6EE8600C-1D9D-4677-9634-BBF3E4EE768A}.Debug|x64.Build.0 = Debug|x64
		{6EE8600C-1D9D-4677-9634-BBF3E4EE768A}.Debug|x86.ActiveCfg = Debug|x86
		{6EE8600C-1D9D-4677-9634-BBF3E4EE768A}.Debug|x86.Build.0 = Debug|x86
		{6EE8600C-1D9D-4677-9634-BBF3E4EE768A}.Release|Any CPU.ActiveCfg = Release|Any CPU
		{6EE8600C-1D9D-4677-9634-BBF3E4EE768A}.Release|Any CPU.Build.0 = Release|Any CPU
		{6EE8600C-1D9D-4677-9634-BBF3E4EE768A}.Release|x64.ActiveCfg = Release|x64
		{6EE8600C-1D9D-4677-9634-BBF3E4EE768A}.Release|x64.Build.0 = Release|x64
		{6EE8600C-1D9D-4677-9634-BBF3E4EE768A}.Release|x86.ActiveCfg = Release|x86
		{6EE8600C-1D9D-4677-9634-BBF3E4EE768A}.Release|x86.Build.0 = Release|x86
		{27A69AD8-D25A-457F-BF83-27CD188E8DED}.Debug|Any CPU.ActiveCfg = Debug|Any CPU
		{27A69AD8-D25A-457F-BF83-27CD188E8DED}.Debug|Any CPU.Build.0 = Debug|Any CPU
		{27A69AD8-D25A-457F-BF83-27CD188E8DED}.Debug|x64.ActiveCfg = Debug|x64
		{27A69AD8-D25A-457F-BF83-27CD188E8DED}.Debug|x64.Build.0 = Debug|x64
		{27A69AD8-D25A-457F-BF83-27CD188E8DED}.Debug|x86.ActiveCfg = Debug|x86
		{27A69AD8-D25A-457F-BF83-27CD188E8DED}.Debug|x86.Build.0 = Debug|x86
		{27A69AD8-D25A-457F-BF83-27CD188E8DED}.Release|Any CPU.ActiveCfg = Release|Any CPU
		{27A69AD8-D25A-457F-BF83-27CD188E8DED}.Release|Any CPU.Build.0 = Release|Any CPU
		{27A69AD8-D25A-457F-BF83-27CD188E8DED}.Release|x64.ActiveCfg = Release|x64
		{27A69AD8-D25A-457F-BF83-27CD188E8DED}.Release|x64.Build.0 = Release|x64
		{27A69AD8-D25A-457F-BF83-27CD188E8DED}.Release|x86.ActiveCfg = Release|x86
		{27A69AD8-D25A-457F-BF83-27CD188E8DED}.Release|x86.Build.0 = Release|x86
		{70F914FB-F2CA-40FA-BCD3-9BDE0020B1A1}.Debug|Any CPU.ActiveCfg = Debug|Any CPU
		{70F914FB-F2CA-40FA-BCD3-9BDE0020B1A1}.Debug|Any CPU.Build.0 = Debug|Any CPU
		{70F914FB-F2CA-40FA-BCD3-9BDE0020B1A1}.Debug|x64.ActiveCfg = Debug|x64
		{70F914FB-F2CA-40FA-BCD3-9BDE0020B1A1}.Debug|x64.Build.0 = Debug|x64
		{70F914FB-F2CA-40FA-BCD3-9BDE0020B1A1}.Debug|x86.ActiveCfg = Debug|x86
		{70F914FB-F2CA-40FA-BCD3-9BDE0020B1A1}.Debug|x86.Build.0 = Debug|x86
		{70F914FB-F2CA-40FA-BCD3-9BDE0020B1A1}.Release|Any CPU.ActiveCfg = Release|Any CPU
		{70F914FB-F2CA-40FA-BCD3-9BDE0020B1A1}.Release|Any CPU.Build.0 = Release|Any CPU
		{70F914FB-F2CA-40FA-BCD3-9BDE0020B1A1}.Release|x64.ActiveCfg = Release|x64
		{70F914FB-F2CA-40FA-BCD3-9BDE0020B1A1}.Release|x64.Build.0 = Release|x64
		{70F914FB-F2CA-40FA-BCD3-9BDE0020B1A1}.Release|x86.ActiveCfg = Release|x86
		{70F914FB-F2CA-40FA-BCD3-9BDE0020B1A1}.Release|x86.Build.0 = Release|x86
	EndGlobalSection
	GlobalSection(NestedProjects) = preSolution
		{B4BA1E93-0CBD-4534-B537-0671FE371630} = {2B64C981-0259-4737-BBF9-6A5FFB3FBFAA}
		{6EE8600C-1D9D-4677-9634-BBF3E4EE768A} = {9B554007-0282-42DD-A611-06CA4D5F3CF9}
		{27A69AD8-D25A-457F-BF83-27CD188E8DED} = {2B64C981-0259-4737-BBF9-6A5FFB3FBFAA}
		{7116003F-6246-4949-A0D0-24A05A435EA0} = {E30343A8-9AB5-4EED-BD91-216E9708761D}
		{70F914FB-F2CA-40FA-BCD3-9BDE0020B1A1} = {7116003F-6246-4949-A0D0-24A05A435EA0}
	EndGlobalSection
EndGlobal
